// !$*UTF8*$!
{
	archiveVersion = 1;
	classes = {
	};
	objectVersion = 50;
	objects = {

/* Begin PBXBuildFile section */
		BD2C0E6226B11C9900595519 /* AppDelegate.swift in Sources */ = {isa = PBXBuildFile; fileRef = BD2C0E6126B11C9900595519 /* AppDelegate.swift */; };
		BD2C0E6426B11C9900595519 /* SceneDelegate.swift in Sources */ = {isa = PBXBuildFile; fileRef = BD2C0E6326B11C9900595519 /* SceneDelegate.swift */; };
		BD2C0E6926B11C9900595519 /* Main.storyboard in Resources */ = {isa = PBXBuildFile; fileRef = BD2C0E6726B11C9900595519 /* Main.storyboard */; };
		BD2C0E6B26B11C9A00595519 /* Assets.xcassets in Resources */ = {isa = PBXBuildFile; fileRef = BD2C0E6A26B11C9A00595519 /* Assets.xcassets */; };
		BD2C0E6E26B11C9A00595519 /* LaunchScreen.storyboard in Resources */ = {isa = PBXBuildFile; fileRef = BD2C0E6C26B11C9A00595519 /* LaunchScreen.storyboard */; };
		BD2C0E7626B11D3000595519 /* TableViewController.swift in Sources */ = {isa = PBXBuildFile; fileRef = BD2C0E7526B11D3000595519 /* TableViewController.swift */; };
		BD2C0E7826B11D4500595519 /* TableViewCell.swift in Sources */ = {isa = PBXBuildFile; fileRef = BD2C0E7726B11D4500595519 /* TableViewCell.swift */; };
		BD2C0E7A26B11EA300595519 /* JsonModel.swift in Sources */ = {isa = PBXBuildFile; fileRef = BD2C0E7926B11EA300595519 /* JsonModel.swift */; };
		BD2C0E7C26B11ECA00595519 /* DBModel.swift in Sources */ = {isa = PBXBuildFile; fileRef = BD2C0E7B26B11ECA00595519 /* DBModel.swift */; };
/* End PBXBuildFile section */

/* Begin PBXFileReference section */
		BD2C0E5E26B11C9900595519 /* ServerJson_03.app */ = {isa = PBXFileReference; explicitFileType = wrapper.application; includeInIndex = 0; path = ServerJson_03.app; sourceTree = BUILT_PRODUCTS_DIR; };
		BD2C0E6126B11C9900595519 /* AppDelegate.swift */ = {isa = PBXFileReference; lastKnownFileType = sourcecode.swift; path = AppDelegate.swift; sourceTree = "<group>"; };
		BD2C0E6326B11C9900595519 /* SceneDelegate.swift */ = {isa = PBXFileReference; lastKnownFileType = sourcecode.swift; path = SceneDelegate.swift; sourceTree = "<group>"; };
		BD2C0E6826B11C9900595519 /* Base */ = {isa = PBXFileReference; lastKnownFileType = file.storyboard; name = Base; path = Base.lproj/Main.storyboard; sourceTree = "<group>"; };
		BD2C0E6A26B11C9A00595519 /* Assets.xcassets */ = {isa = PBXFileReference; lastKnownFileType = folder.assetcatalog; path = Assets.xcassets; sourceTree = "<group>"; };
		BD2C0E6D26B11C9A00595519 /* Base */ = {isa = PBXFileReference; lastKnownFileType = file.storyboard; name = Base; path = Base.lproj/LaunchScreen.storyboard; sourceTree = "<group>"; };
		BD2C0E6F26B11C9A00595519 /* Info.plist */ = {isa = PBXFileReference; lastKnownFileType = text.plist.xml; path = Info.plist; sourceTree = "<group>"; };
		BD2C0E7526B11D3000595519 /* TableViewController.swift */ = {isa = PBXFileReference; lastKnownFileType = sourcecode.swift; path = TableViewController.swift; sourceTree = "<group>"; };
		BD2C0E7726B11D4500595519 /* TableViewCell.swift */ = {isa = PBXFileReference; lastKnownFileType = sourcecode.swift; path = TableViewCell.swift; sourceTree = "<group>"; };
		BD2C0E7926B11EA300595519 /* JsonModel.swift */ = {isa = PBXFileReference; lastKnownFileType = sourcecode.swift; path = JsonModel.swift; sourceTree = "<group>"; };
		BD2C0E7B26B11ECA00595519 /* DBModel.swift */ = {isa = PBXFileReference; lastKnownFileType = sourcecode.swift; path = DBModel.swift; sourceTree = "<group>"; };
/* End PBXFileReference section */

/* Begin PBXFrameworksBuildPhase section */
		BD2C0E5B26B11C9900595519 /* Frameworks */ = {
			isa = PBXFrameworksBuildPhase;
			buildActionMask = 2147483647;
			files = (
			);
			runOnlyForDeploymentPostprocessing = 0;
		};
/* End PBXFrameworksBuildPhase section */

/* Begin PBXGroup section */
		BD2C0E5526B11C9900595519 = {
			isa = PBXGroup;
			children = (
				BD2C0E6026B11C9900595519 /* ServerJson_03 */,
				BD2C0E5F26B11C9900595519 /* Products */,
			);
			sourceTree = "<group>";
		};
		BD2C0E5F26B11C9900595519 /* Products */ = {
			isa = PBXGroup;
			children = (
				BD2C0E5E26B11C9900595519 /* ServerJson_03.app */,
			);
			name = Products;
			sourceTree = "<group>";
		};
		BD2C0E6026B11C9900595519 /* ServerJson_03 */ = {
			isa = PBXGroup;
			children = (
				BD2C0E6126B11C9900595519 /* AppDelegate.swift */,
				BD2C0E6326B11C9900595519 /* SceneDelegate.swift */,
				BD2C0E7526B11D3000595519 /* TableViewController.swift */,
				BD2C0E7726B11D4500595519 /* TableViewCell.swift */,
				BD2C0E6726B11C9900595519 /* Main.storyboard */,
				BD2C0E6A26B11C9A00595519 /* Assets.xcassets */,
				BD2C0E6C26B11C9A00595519 /* LaunchScreen.storyboard */,
				BD2C0E6F26B11C9A00595519 /* Info.plist */,
				BD2C0E7926B11EA300595519 /* JsonModel.swift */,
				BD2C0E7B26B11ECA00595519 /* DBModel.swift */,
			);
			path = ServerJson_03;
			sourceTree = "<group>";
		};
/* End PBXGroup section */

/* Begin PBXNativeTarget section */
		BD2C0E5D26B11C9900595519 /* ServerJson_03 */ = {
			isa = PBXNativeTarget;
			buildConfigurationList = BD2C0E7226B11C9A00595519 /* Build configuration list for PBXNativeTarget "ServerJson_03" */;
			buildPhases = (
				BD2C0E5A26B11C9900595519 /* Sources */,
				BD2C0E5B26B11C9900595519 /* Frameworks */,
				BD2C0E5C26B11C9900595519 /* Resources */,
			);
			buildRules = (
			);
			dependencies = (
			);
			name = ServerJson_03;
			productName = ServerJson_03;
			productReference = BD2C0E5E26B11C9900595519 /* ServerJson_03.app */;
			productType = "com.apple.product-type.application";
		};
/* End PBXNativeTarget section */

/* Begin PBXProject section */
		BD2C0E5626B11C9900595519 /* Project object */ = {
			isa = PBXProject;
			attributes = {
				LastSwiftUpdateCheck = 1250;
				LastUpgradeCheck = 1250;
				TargetAttributes = {
					BD2C0E5D26B11C9900595519 = {
						CreatedOnToolsVersion = 12.5.1;
					};
				};
			};
			buildConfigurationList = BD2C0E5926B11C9900595519 /* Build configuration list for PBXProject "ServerJson_03" */;
			compatibilityVersion = "Xcode 9.3";
			developmentRegion = en;
			hasScannedForEncodings = 0;
			knownRegions = (
				en,
				Base,
			);
			mainGroup = BD2C0E5526B11C9900595519;
			productRefGroup = BD2C0E5F26B11C9900595519 /* Products */;
			projectDirPath = "";
			projectRoot = "";
			targets = (
				BD2C0E5D26B11C9900595519 /* ServerJson_03 */,
			);
		};
/* End PBXProject section */

/* Begin PBXResourcesBuildPhase section */
		BD2C0E5C26B11C9900595519 /* Resources */ = {
			isa = PBXResourcesBuildPhase;
			buildActionMask = 2147483647;
			files = (
				BD2C0E6E26B11C9A00595519 /* LaunchScreen.storyboard in Resources */,
				BD2C0E6B26B11C9A00595519 /* Assets.xcassets in Resources */,
				BD2C0E6926B11C9900595519 /* Main.storyboard in Resources */,
			);
			runOnlyForDeploymentPostprocessing = 0;
		};
/* End PBXResourcesBuildPhase section */

/* Begin PBXSourcesBuildPhase section */
		BD2C0E5A26B11C9900595519 /* Sources */ = {
			isa = PBXSourcesBuildPhase;
			buildActionMask = 2147483647;
			files = (
				BD2C0E7A26B11EA300595519 /* JsonModel.swift in Sources */,
				BD2C0E6226B11C9900595519 /* AppDelegate.swift in Sources */,
				BD2C0E7826B11D4500595519 /* TableViewCell.swift in Sources */,
				BD2C0E7626B11D3000595519 /* TableViewController.swift in Sources */,
				BD2C0E6426B11C9900595519 /* SceneDelegate.swift in Sources */,
				BD2C0E7C26B11ECA00595519 /* DBModel.swift in Sources */,
			);
			runOnlyForDeploymentPostprocessing = 0;
		};
/* End PBXSourcesBuildPhase section */

/* Begin PBXVariantGroup section */
		BD2C0E6726B11C9900595519 /* Main.storyboard */ = {
			isa = PBXVariantGroup;
			children = (
				BD2C0E6826B11C9900595519 /* Base */,
			);
			name = Main.storyboard;
			sourceTree = "<group>";
		};
		BD2C0E6C26B11C9A00595519 /* LaunchScreen.storyboard */ = {
			isa = PBXVariantGroup;
			children = (
				BD2C0E6D26B11C9A00595519 /* Base */,
			);
			name = LaunchScreen.storyboard;
			sourceTree = "<group>";
		};
/* End PBXVariantGroup section */

/* Begin XCBuildConfiguration section */
		BD2C0E7026B11C9A00595519 /* Debug */ = {
			isa = XCBuildConfiguration;
			buildSettings = {
				ALWAYS_SEARCH_USER_PATHS = NO;
				CLANG_ANALYZER_NONNULL = YES;
				CLANG_ANALYZER_NUMBER_OBJECT_CONVERSION = YES_AGGRESSIVE;
				CLANG_CXX_LANGUAGE_STANDARD = "gnu++14";
				CLANG_CXX_LIBRARY = "libc++";
				CLANG_ENABLE_MODULES = YES;
				CLANG_ENABLE_OBJC_ARC = YES;
				CLANG_ENABLE_OBJC_WEAK = YES;
				CLANG_WARN_BLOCK_CAPTURE_AUTORELEASING = YES;
				CLANG_WARN_BOOL_CONVERSION = YES;
				CLANG_WARN_COMMA = YES;
				CLANG_WARN_CONSTANT_CONVERSION = YES;
				CLANG_WARN_DEPRECATED_OBJC_IMPLEMENTATIONS = YES;
				CLANG_WARN_DIRECT_OBJC_ISA_USAGE = YES_ERROR;
				CLANG_WARN_DOCUMENTATION_COMMENTS = YES;
				CLANG_WARN_EMPTY_BODY = YES;
				CLANG_WARN_ENUM_CONVERSION = YES;
				CLANG_WARN_INFINITE_RECURSION = YES;
				CLANG_WARN_INT_CONVERSION = YES;
				CLANG_WARN_NON_LITERAL_NULL_CONVERSION = YES;
				CLANG_WARN_OBJC_IMPLICIT_RETAIN_SELF = YES;
				CLANG_WARN_OBJC_LITERAL_CONVERSION = YES;
				CLANG_WARN_OBJC_ROOT_CLASS = YES_ERROR;
				CLANG_WARN_QUOTED_INCLUDE_IN_FRAMEWORK_HEADER = YES;
				CLANG_WARN_RANGE_LOOP_ANALYSIS = YES;
				CLANG_WARN_STRICT_PROTOTYPES = YES;
				CLANG_WARN_SUSPICIOUS_MOVE = YES;
				CLANG_WARN_UNGUARDED_AVAILABILITY = YES_AGGRESSIVE;
				CLANG_WARN_UNREACHABLE_CODE = YES;
				CLANG_WARN__DUPLICATE_METHOD_MATCH = YES;
				COPY_PHASE_STRIP = NO;
				DEBUG_INFORMATION_FORMAT = dwarf;
				ENABLE_STRICT_OBJC_MSGSEND = YES;
				ENABLE_TESTABILITY = YES;
				GCC_C_LANGUAGE_STANDARD = gnu11;
				GCC_DYNAMIC_NO_PIC = NO;
				GCC_NO_COMMON_BLOCKS = YES;
				GCC_OPTIMIZATION_LEVEL = 0;
				GCC_PREPROCESSOR_DEFINITIONS = (
					"DEBUG=1",
					"$(inherited)",
				);
				GCC_WARN_64_TO_32_BIT_CONVERSION = YES;
				GCC_WARN_ABOUT_RETURN_TYPE = YES_ERROR;
				GCC_WARN_UNDECLARED_SELECTOR = YES;
				GCC_WARN_UNINITIALIZED_AUTOS = YES_AGGRESSIVE;
				GCC_WARN_UNUSED_FUNCTION = YES;
				GCC_WARN_UNUSED_VARIABLE = YES;
				IPHONEOS_DEPLOYMENT_TARGET = 14.5;
				MTL_ENABLE_DEBUG_INFO = INCLUDE_SOURCE;
				MTL_FAST_MATH = YES;
				ONLY_ACTIVE_ARCH = YES;
				SDKROOT = iphoneos;
				SWIFT_ACTIVE_COMPILATION_CONDITIONS = DEBUG;
				SWIFT_OPTIMIZATION_LEVEL = "-Onone";
			};
			name = Debug;
		};
		BD2C0E7126B11C9A00595519 /* Release */ = {
			isa = XCBuildConfiguration;
			buildSettings = {
				ALWAYS_SEARCH_USER_PATHS = NO;
				CLANG_ANALYZER_NONNULL = YES;
				CLANG_ANALYZER_NUMBER_OBJECT_CONVERSION = YES_AGGRESSIVE;
				CLANG_CXX_LANGUAGE_STANDARD = "gnu++14";
				CLANG_CXX_LIBRARY = "libc++";
				CLANG_ENABLE_MODULES = YES;
				CLANG_ENABLE_OBJC_ARC = YES;
				CLANG_ENABLE_OBJC_WEAK = YES;
				CLANG_WARN_BLOCK_CAPTURE_AUTORELEASING = YES;
				CLANG_WARN_BOOL_CONVERSION = YES;
				CLANG_WARN_COMMA = YES;
				CLANG_WARN_CONSTANT_CONVERSION = YES;
				CLANG_WARN_DEPRECATED_OBJC_IMPLEMENTATIONS = YES;
				CLANG_WARN_DIRECT_OBJC_ISA_USAGE = YES_ERROR;
				CLANG_WARN_DOCUMENTATION_COMMENTS = YES;
				CLANG_WARN_EMPTY_BODY = YES;
				CLANG_WARN_ENUM_CONVERSION = YES;
				CLANG_WARN_INFINITE_RECURSION = YES;
				CLANG_WARN_INT_CONVERSION = YES;
				CLANG_WARN_NON_LITERAL_NULL_CONVERSION = YES;
				CLANG_WARN_OBJC_IMPLICIT_RETAIN_SELF = YES;
				CLANG_WARN_OBJC_LITERAL_CONVERSION = YES;
				CLANG_WARN_OBJC_ROOT_CLASS = YES_ERROR;
				CLANG_WARN_QUOTED_INCLUDE_IN_FRAMEWORK_HEADER = YES;
				CLANG_WARN_RANGE_LOOP_ANALYSIS = YES;
				CLANG_WARN_STRICT_PROTOTYPES = YES;
				CLANG_WARN_SUSPICIOUS_MOVE = YES;
				CLANG_WARN_UNGUARDED_AVAILABILITY = YES_AGGRESSIVE;
				CLANG_WARN_UNREACHABLE_CODE = YES;
				CLANG_WARN__DUPLICATE_METHOD_MATCH = YES;
				COPY_PHASE_STRIP = NO;
				DEBUG_INFORMATION_FORMAT = "dwarf-with-dsym";
				ENABLE_NS_ASSERTIONS = NO;
				ENABLE_STRICT_OBJC_MSGSEND = YES;
				GCC_C_LANGUAGE_STANDARD = gnu11;
				GCC_NO_COMMON_BLOCKS = YES;
				GCC_WARN_64_TO_32_BIT_CONVERSION = YES;
				GCC_WARN_ABOUT_RETURN_TYPE = YES_ERROR;
				GCC_WARN_UNDECLARED_SELECTOR = YES;
				GCC_WARN_UNINITIALIZED_AUTOS = YES_AGGRESSIVE;
				GCC_WARN_UNUSED_FUNCTION = YES;
				GCC_WARN_UNUSED_VARIABLE = YES;
				IPHONEOS_DEPLOYMENT_TARGET = 14.5;
				MTL_ENABLE_DEBUG_INFO = NO;
				MTL_FAST_MATH = YES;
				SDKROOT = iphoneos;
				SWIFT_COMPILATION_MODE = wholemodule;
				SWIFT_OPTIMIZATION_LEVEL = "-O";
				VALIDATE_PRODUCT = YES;
			};
			name = Release;
		};
		BD2C0E7326B11C9A00595519 /* Debug */ = {
			isa = XCBuildConfiguration;
			buildSettings = {
				ASSETCATALOG_COMPILER_APPICON_NAME = AppIcon;
				ASSETCATALOG_COMPILER_GLOBAL_ACCENT_COLOR_NAME = AccentColor;
				CODE_SIGN_STYLE = Automatic;
				DEVELOPMENT_TEAM = 4QCSG92KD9;
				INFOPLIST_FILE = ServerJson_03/Info.plist;
				LD_RUNPATH_SEARCH_PATHS = (
					"$(inherited)",
					"@executable_path/Frameworks",
				);
				PRODUCT_BUNDLE_IDENTIFIER = "com.khankong.ServerJson-03";
				PRODUCT_NAME = "$(TARGET_NAME)";
				SWIFT_VERSION = 5.0;
				TARGETED_DEVICE_FAMILY = "1,2";
			};
			name = Debug;
		};
		BD2C0E7426B11C9A00595519 /* Release */ = {
			isa = XCBuildConfiguration;
			buildSettings = {
				ASSETCATALOG_COMPILER_APPICON_NAME = AppIcon;
				ASSETCATALOG_COMPILER_GLOBAL_ACCENT_COLOR_NAME = AccentColor;
				CODE_SIGN_STYLE = Automatic;
				DEVELOPMENT_TEAM = 4QCSG92KD9;
				INFOPLIST_FILE = ServerJson_03/Info.plist;
				LD_RUNPATH_SEARCH_PATHS = (
					"$(inherited)",
					"@executable_path/Frameworks",
				);
				PRODUCT_BUNDLE_IDENTIFIER = "com.khankong.ServerJson-03";
				PRODUCT_NAME = "$(TARGET_NAME)";
				SWIFT_VERSION = 5.0;
				TARGETED_DEVICE_FAMILY = "1,2";
			};
			name = Release;
		};
/* End XCBuildConfiguration section */

/* Begin XCConfigurationList section */
		BD2C0E5926B11C9900595519 /* Build configuration list for PBXProject "ServerJson_03" */ = {
			isa = XCConfigurationList;
			buildConfigurations = (
				BD2C0E7026B11C9A00595519 /* Debug */,
				BD2C0E7126B11C9A00595519 /* Release */,
			);
			defaultConfigurationIsVisible = 0;
			defaultConfigurationName = Release;
		};
		BD2C0E7226B11C9A00595519 /* Build configuration list for PBXNativeTarget "ServerJson_03" */ = {
			isa = XCConfigurationList;
			buildConfigurations = (
				BD2C0E7326B11C9A00595519 /* Debug */,
				BD2C0E7426B11C9A00595519 /* Release */,
			);
			defaultConfigurationIsVisible = 0;
			defaultConfigurationName = Release;
		};
/* End XCConfigurationList section */
	};
	rootObject = BD2C0E5626B11C9900595519 /* Project object */;
}
