// !$*UTF8*$!
{
	archiveVersion = 1;
	classes = {
	};
	objectVersion = 50;
	objects = {

/* Begin PBXBuildFile section */
		BD3BF00C269E79D50072B7F4 /* AppDelegate.swift in Sources */ = {isa = PBXBuildFile; fileRef = BD3BF00B269E79D50072B7F4 /* AppDelegate.swift */; };
		BD3BF00E269E79D50072B7F4 /* SceneDelegate.swift in Sources */ = {isa = PBXBuildFile; fileRef = BD3BF00D269E79D50072B7F4 /* SceneDelegate.swift */; };
		BD3BF010269E79D50072B7F4 /* ViewController.swift in Sources */ = {isa = PBXBuildFile; fileRef = BD3BF00F269E79D50072B7F4 /* ViewController.swift */; };
		BD3BF013269E79D50072B7F4 /* Main.storyboard in Resources */ = {isa = PBXBuildFile; fileRef = BD3BF011269E79D50072B7F4 /* Main.storyboard */; };
		BD3BF015269E79D60072B7F4 /* Assets.xcassets in Resources */ = {isa = PBXBuildFile; fileRef = BD3BF014269E79D60072B7F4 /* Assets.xcassets */; };
		BD3BF018269E79D60072B7F4 /* LaunchScreen.storyboard in Resources */ = {isa = PBXBuildFile; fileRef = BD3BF016269E79D60072B7F4 /* LaunchScreen.storyboard */; };
		BD3BF023269E79D60072B7F4 /* HelloWorldTests.swift in Sources */ = {isa = PBXBuildFile; fileRef = BD3BF022269E79D60072B7F4 /* HelloWorldTests.swift */; };
		BD3BF02E269E79D60072B7F4 /* HelloWorldUITests.swift in Sources */ = {isa = PBXBuildFile; fileRef = BD3BF02D269E79D60072B7F4 /* HelloWorldUITests.swift */; };
/* End PBXBuildFile section */

/* Begin PBXContainerItemProxy section */
		BD3BF01F269E79D60072B7F4 /* PBXContainerItemProxy */ = {
			isa = PBXContainerItemProxy;
			containerPortal = BD3BF000269E79D50072B7F4 /* Project object */;
			proxyType = 1;
			remoteGlobalIDString = BD3BF007269E79D50072B7F4;
			remoteInfo = HelloWorld;
		};
		BD3BF02A269E79D60072B7F4 /* PBXContainerItemProxy */ = {
			isa = PBXContainerItemProxy;
			containerPortal = BD3BF000269E79D50072B7F4 /* Project object */;
			proxyType = 1;
			remoteGlobalIDString = BD3BF007269E79D50072B7F4;
			remoteInfo = HelloWorld;
		};
/* End PBXContainerItemProxy section */

/* Begin PBXFileReference section */
		BD3BF008269E79D50072B7F4 /* HelloWorld.app */ = {isa = PBXFileReference; explicitFileType = wrapper.application; includeInIndex = 0; path = HelloWorld.app; sourceTree = BUILT_PRODUCTS_DIR; };
		BD3BF00B269E79D50072B7F4 /* AppDelegate.swift */ = {isa = PBXFileReference; lastKnownFileType = sourcecode.swift; path = AppDelegate.swift; sourceTree = "<group>"; };
		BD3BF00D269E79D50072B7F4 /* SceneDelegate.swift */ = {isa = PBXFileReference; lastKnownFileType = sourcecode.swift; path = SceneDelegate.swift; sourceTree = "<group>"; };
		BD3BF00F269E79D50072B7F4 /* ViewController.swift */ = {isa = PBXFileReference; lastKnownFileType = sourcecode.swift; path = ViewController.swift; sourceTree = "<group>"; };
		BD3BF012269E79D50072B7F4 /* Base */ = {isa = PBXFileReference; lastKnownFileType = file.storyboard; name = Base; path = Base.lproj/Main.storyboard; sourceTree = "<group>"; };
		BD3BF014269E79D60072B7F4 /* Assets.xcassets */ = {isa = PBXFileReference; lastKnownFileType = folder.assetcatalog; path = Assets.xcassets; sourceTree = "<group>"; };
		BD3BF017269E79D60072B7F4 /* Base */ = {isa = PBXFileReference; lastKnownFileType = file.storyboard; name = Base; path = Base.lproj/LaunchScreen.storyboard; sourceTree = "<group>"; };
		BD3BF019269E79D60072B7F4 /* Info.plist */ = {isa = PBXFileReference; lastKnownFileType = text.plist.xml; path = Info.plist; sourceTree = "<group>"; };
		BD3BF01E269E79D60072B7F4 /* HelloWorldTests.xctest */ = {isa = PBXFileReference; explicitFileType = wrapper.cfbundle; includeInIndex = 0; path = HelloWorldTests.xctest; sourceTree = BUILT_PRODUCTS_DIR; };
		BD3BF022269E79D60072B7F4 /* HelloWorldTests.swift */ = {isa = PBXFileReference; lastKnownFileType = sourcecode.swift; path = HelloWorldTests.swift; sourceTree = "<group>"; };
		BD3BF024269E79D60072B7F4 /* Info.plist */ = {isa = PBXFileReference; lastKnownFileType = text.plist.xml; path = Info.plist; sourceTree = "<group>"; };
		BD3BF029269E79D60072B7F4 /* HelloWorldUITests.xctest */ = {isa = PBXFileReference; explicitFileType = wrapper.cfbundle; includeInIndex = 0; path = HelloWorldUITests.xctest; sourceTree = BUILT_PRODUCTS_DIR; };
		BD3BF02D269E79D60072B7F4 /* HelloWorldUITests.swift */ = {isa = PBXFileReference; lastKnownFileType = sourcecode.swift; path = HelloWorldUITests.swift; sourceTree = "<group>"; };
		BD3BF02F269E79D60072B7F4 /* Info.plist */ = {isa = PBXFileReference; lastKnownFileType = text.plist.xml; path = Info.plist; sourceTree = "<group>"; };
/* End PBXFileReference section */

/* Begin PBXFrameworksBuildPhase section */
		BD3BF005269E79D50072B7F4 /* Frameworks */ = {
			isa = PBXFrameworksBuildPhase;
			buildActionMask = 2147483647;
			files = (
			);
			runOnlyForDeploymentPostprocessing = 0;
		};
		BD3BF01B269E79D60072B7F4 /* Frameworks */ = {
			isa = PBXFrameworksBuildPhase;
			buildActionMask = 2147483647;
			files = (
			);
			runOnlyForDeploymentPostprocessing = 0;
		};
		BD3BF026269E79D60072B7F4 /* Frameworks */ = {
			isa = PBXFrameworksBuildPhase;
			buildActionMask = 2147483647;
			files = (
			);
			runOnlyForDeploymentPostprocessing = 0;
		};
/* End PBXFrameworksBuildPhase section */

/* Begin PBXGroup section */
		BD3BEFFF269E79D50072B7F4 = {
			isa = PBXGroup;
			children = (
				BD3BF00A269E79D50072B7F4 /* HelloWorld */,
				BD3BF021269E79D60072B7F4 /* HelloWorldTests */,
				BD3BF02C269E79D60072B7F4 /* HelloWorldUITests */,
				BD3BF009269E79D50072B7F4 /* Products */,
			);
			sourceTree = "<group>";
		};
		BD3BF009269E79D50072B7F4 /* Products */ = {
			isa = PBXGroup;
			children = (
				BD3BF008269E79D50072B7F4 /* HelloWorld.app */,
				BD3BF01E269E79D60072B7F4 /* HelloWorldTests.xctest */,
				BD3BF029269E79D60072B7F4 /* HelloWorldUITests.xctest */,
			);
			name = Products;
			sourceTree = "<group>";
		};
		BD3BF00A269E79D50072B7F4 /* HelloWorld */ = {
			isa = PBXGroup;
			children = (
				BD3BF00B269E79D50072B7F4 /* AppDelegate.swift */,
				BD3BF00D269E79D50072B7F4 /* SceneDelegate.swift */,
				BD3BF00F269E79D50072B7F4 /* ViewController.swift */,
				BD3BF011269E79D50072B7F4 /* Main.storyboard */,
				BD3BF014269E79D60072B7F4 /* Assets.xcassets */,
				BD3BF016269E79D60072B7F4 /* LaunchScreen.storyboard */,
				BD3BF019269E79D60072B7F4 /* Info.plist */,
			);
			path = HelloWorld;
			sourceTree = "<group>";
		};
		BD3BF021269E79D60072B7F4 /* HelloWorldTests */ = {
			isa = PBXGroup;
			children = (
				BD3BF022269E79D60072B7F4 /* HelloWorldTests.swift */,
				BD3BF024269E79D60072B7F4 /* Info.plist */,
			);
			path = HelloWorldTests;
			sourceTree = "<group>";
		};
		BD3BF02C269E79D60072B7F4 /* HelloWorldUITests */ = {
			isa = PBXGroup;
			children = (
				BD3BF02D269E79D60072B7F4 /* HelloWorldUITests.swift */,
				BD3BF02F269E79D60072B7F4 /* Info.plist */,
			);
			path = HelloWorldUITests;
			sourceTree = "<group>";
		};
/* End PBXGroup section */

/* Begin PBXNativeTarget section */
		BD3BF007269E79D50072B7F4 /* HelloWorld */ = {
			isa = PBXNativeTarget;
			buildConfigurationList = BD3BF032269E79D60072B7F4 /* Build configuration list for PBXNativeTarget "HelloWorld" */;
			buildPhases = (
				BD3BF004269E79D50072B7F4 /* Sources */,
				BD3BF005269E79D50072B7F4 /* Frameworks */,
				BD3BF006269E79D50072B7F4 /* Resources */,
			);
			buildRules = (
			);
			dependencies = (
			);
			name = HelloWorld;
			productName = HelloWorld;
			productReference = BD3BF008269E79D50072B7F4 /* HelloWorld.app */;
			productType = "com.apple.product-type.application";
		};
		BD3BF01D269E79D60072B7F4 /* HelloWorldTests */ = {
			isa = PBXNativeTarget;
			buildConfigurationList = BD3BF035269E79D60072B7F4 /* Build configuration list for PBXNativeTarget "HelloWorldTests" */;
			buildPhases = (
				BD3BF01A269E79D60072B7F4 /* Sources */,
				BD3BF01B269E79D60072B7F4 /* Frameworks */,
				BD3BF01C269E79D60072B7F4 /* Resources */,
			);
			buildRules = (
			);
			dependencies = (
				BD3BF020269E79D60072B7F4 /* PBXTargetDependency */,
			);
			name = HelloWorldTests;
			productName = HelloWorldTests;
			productReference = BD3BF01E269E79D60072B7F4 /* HelloWorldTests.xctest */;
			productType = "com.apple.product-type.bundle.unit-test";
		};
		BD3BF028269E79D60072B7F4 /* HelloWorldUITests */ = {
			isa = PBXNativeTarget;
			buildConfigurationList = BD3BF038269E79D60072B7F4 /* Build configuration list for PBXNativeTarget "HelloWorldUITests" */;
			buildPhases = (
				BD3BF025269E79D60072B7F4 /* Sources */,
				BD3BF026269E79D60072B7F4 /* Frameworks */,
				BD3BF027269E79D60072B7F4 /* Resources */,
			);
			buildRules = (
			);
			dependencies = (
				BD3BF02B269E79D60072B7F4 /* PBXTargetDependency */,
			);
			name = HelloWorldUITests;
			productName = HelloWorldUITests;
			productReference = BD3BF029269E79D60072B7F4 /* HelloWorldUITests.xctest */;
			productType = "com.apple.product-type.bundle.ui-testing";
		};
/* End PBXNativeTarget section */

/* Begin PBXProject section */
		BD3BF000269E79D50072B7F4 /* Project object */ = {
			isa = PBXProject;
			attributes = {
				LastSwiftUpdateCheck = 1250;
				LastUpgradeCheck = 1250;
				TargetAttributes = {
					BD3BF007269E79D50072B7F4 = {
						CreatedOnToolsVersion = 12.5.1;
					};
					BD3BF01D269E79D60072B7F4 = {
						CreatedOnToolsVersion = 12.5.1;
						TestTargetID = BD3BF007269E79D50072B7F4;
					};
					BD3BF028269E79D60072B7F4 = {
						CreatedOnToolsVersion = 12.5.1;
						TestTargetID = BD3BF007269E79D50072B7F4;
					};
				};
			};
			buildConfigurationList = BD3BF003269E79D50072B7F4 /* Build configuration list for PBXProject "HelloWorld" */;
			compatibilityVersion = "Xcode 9.3";
			developmentRegion = en;
			hasScannedForEncodings = 0;
			knownRegions = (
				en,
				Base,
			);
			mainGroup = BD3BEFFF269E79D50072B7F4;
			productRefGroup = BD3BF009269E79D50072B7F4 /* Products */;
			projectDirPath = "";
			projectRoot = "";
			targets = (
				BD3BF007269E79D50072B7F4 /* HelloWorld */,
				BD3BF01D269E79D60072B7F4 /* HelloWorldTests */,
				BD3BF028269E79D60072B7F4 /* HelloWorldUITests */,
			);
		};
/* End PBXProject section */

/* Begin PBXResourcesBuildPhase section */
		BD3BF006269E79D50072B7F4 /* Resources */ = {
			isa = PBXResourcesBuildPhase;
			buildActionMask = 2147483647;
			files = (
				BD3BF018269E79D60072B7F4 /* LaunchScreen.storyboard in Resources */,
				BD3BF015269E79D60072B7F4 /* Assets.xcassets in Resources */,
				BD3BF013269E79D50072B7F4 /* Main.storyboard in Resources */,
			);
			runOnlyForDeploymentPostprocessing = 0;
		};
		BD3BF01C269E79D60072B7F4 /* Resources */ = {
			isa = PBXResourcesBuildPhase;
			buildActionMask = 2147483647;
			files = (
			);
			runOnlyForDeploymentPostprocessing = 0;
		};
		BD3BF027269E79D60072B7F4 /* Resources */ = {
			isa = PBXResourcesBuildPhase;
			buildActionMask = 2147483647;
			files = (
			);
			runOnlyForDeploymentPostprocessing = 0;
		};
/* End PBXResourcesBuildPhase section */

/* Begin PBXSourcesBuildPhase section */
		BD3BF004269E79D50072B7F4 /* Sources */ = {
			isa = PBXSourcesBuildPhase;
			buildActionMask = 2147483647;
			files = (
				BD3BF010269E79D50072B7F4 /* ViewController.swift in Sources */,
				BD3BF00C269E79D50072B7F4 /* AppDelegate.swift in Sources */,
				BD3BF00E269E79D50072B7F4 /* SceneDelegate.swift in Sources */,
			);
			runOnlyForDeploymentPostprocessing = 0;
		};
		BD3BF01A269E79D60072B7F4 /* Sources */ = {
			isa = PBXSourcesBuildPhase;
			buildActionMask = 2147483647;
			files = (
				BD3BF023269E79D60072B7F4 /* HelloWorldTests.swift in Sources */,
			);
			runOnlyForDeploymentPostprocessing = 0;
		};
		BD3BF025269E79D60072B7F4 /* Sources */ = {
			isa = PBXSourcesBuildPhase;
			buildActionMask = 2147483647;
			files = (
				BD3BF02E269E79D60072B7F4 /* HelloWorldUITests.swift in Sources */,
			);
			runOnlyForDeploymentPostprocessing = 0;
		};
/* End PBXSourcesBuildPhase section */

/* Begin PBXTargetDependency section */
		BD3BF020269E79D60072B7F4 /* PBXTargetDependency */ = {
			isa = PBXTargetDependency;
			target = BD3BF007269E79D50072B7F4 /* HelloWorld */;
			targetProxy = BD3BF01F269E79D60072B7F4 /* PBXContainerItemProxy */;
		};
		BD3BF02B269E79D60072B7F4 /* PBXTargetDependency */ = {
			isa = PBXTargetDependency;
			target = BD3BF007269E79D50072B7F4 /* HelloWorld */;
			targetProxy = BD3BF02A269E79D60072B7F4 /* PBXContainerItemProxy */;
		};
/* End PBXTargetDependency section */

/* Begin PBXVariantGroup section */
		BD3BF011269E79D50072B7F4 /* Main.storyboard */ = {
			isa = PBXVariantGroup;
			children = (
				BD3BF012269E79D50072B7F4 /* Base */,
			);
			name = Main.storyboard;
			sourceTree = "<group>";
		};
		BD3BF016269E79D60072B7F4 /* LaunchScreen.storyboard */ = {
			isa = PBXVariantGroup;
			children = (
				BD3BF017269E79D60072B7F4 /* Base */,
			);
			name = LaunchScreen.storyboard;
			sourceTree = "<group>";
		};
/* End PBXVariantGroup section */

/* Begin XCBuildConfiguration section */
		BD3BF030269E79D60072B7F4 /* Debug */ = {
			isa = XCBuildConfiguration;
			buildSettings = {
				ALWAYS_SEARCH_USER_PATHS = NO;
				CLANG_ANALYZER_NONNULL = YES;
				CLANG_ANALYZER_NUMBER_OBJECT_CONVERSION = YES_AGGRESSIVE;
				CLANG_CXX_LANGUAGE_STANDARD = "gnu++14";
				CLANG_CXX_LIBRARY = "libc++";
				CLANG_ENABLE_MODULES = YES;
				CLANG_ENABLE_OBJC_ARC = YES;
				CLANG_ENABLE_OBJC_WEAK = YES;
				CLANG_WARN_BLOCK_CAPTURE_AUTORELEASING = YES;
				CLANG_WARN_BOOL_CONVERSION = YES;
				CLANG_WARN_COMMA = YES;
				CLANG_WARN_CONSTANT_CONVERSION = YES;
				CLANG_WARN_DEPRECATED_OBJC_IMPLEMENTATIONS = YES;
				CLANG_WARN_DIRECT_OBJC_ISA_USAGE = YES_ERROR;
				CLANG_WARN_DOCUMENTATION_COMMENTS = YES;
				CLANG_WARN_EMPTY_BODY = YES;
				CLANG_WARN_ENUM_CONVERSION = YES;
				CLANG_WARN_INFINITE_RECURSION = YES;
				CLANG_WARN_INT_CONVERSION = YES;
				CLANG_WARN_NON_LITERAL_NULL_CONVERSION = YES;
				CLANG_WARN_OBJC_IMPLICIT_RETAIN_SELF = YES;
				CLANG_WARN_OBJC_LITERAL_CONVERSION = YES;
				CLANG_WARN_OBJC_ROOT_CLASS = YES_ERROR;
				CLANG_WARN_QUOTED_INCLUDE_IN_FRAMEWORK_HEADER = YES;
				CLANG_WARN_RANGE_LOOP_ANALYSIS = YES;
				CLANG_WARN_STRICT_PROTOTYPES = YES;
				CLANG_WARN_SUSPICIOUS_MOVE = YES;
				CLANG_WARN_UNGUARDED_AVAILABILITY = YES_AGGRESSIVE;
				CLANG_WARN_UNREACHABLE_CODE = YES;
				CLANG_WARN__DUPLICATE_METHOD_MATCH = YES;
				COPY_PHASE_STRIP = NO;
				DEBUG_INFORMATION_FORMAT = dwarf;
				ENABLE_STRICT_OBJC_MSGSEND = YES;
				ENABLE_TESTABILITY = YES;
				GCC_C_LANGUAGE_STANDARD = gnu11;
				GCC_DYNAMIC_NO_PIC = NO;
				GCC_NO_COMMON_BLOCKS = YES;
				GCC_OPTIMIZATION_LEVEL = 0;
				GCC_PREPROCESSOR_DEFINITIONS = (
					"DEBUG=1",
					"$(inherited)",
				);
				GCC_WARN_64_TO_32_BIT_CONVERSION = YES;
				GCC_WARN_ABOUT_RETURN_TYPE = YES_ERROR;
				GCC_WARN_UNDECLARED_SELECTOR = YES;
				GCC_WARN_UNINITIALIZED_AUTOS = YES_AGGRESSIVE;
				GCC_WARN_UNUSED_FUNCTION = YES;
				GCC_WARN_UNUSED_VARIABLE = YES;
				IPHONEOS_DEPLOYMENT_TARGET = 14.5;
				MTL_ENABLE_DEBUG_INFO = INCLUDE_SOURCE;
				MTL_FAST_MATH = YES;
				ONLY_ACTIVE_ARCH = YES;
				SDKROOT = iphoneos;
				SWIFT_ACTIVE_COMPILATION_CONDITIONS = DEBUG;
				SWIFT_OPTIMIZATION_LEVEL = "-Onone";
			};
			name = Debug;
		};
		BD3BF031269E79D60072B7F4 /* Release */ = {
			isa = XCBuildConfiguration;
			buildSettings = {
				ALWAYS_SEARCH_USER_PATHS = NO;
				CLANG_ANALYZER_NONNULL = YES;
				CLANG_ANALYZER_NUMBER_OBJECT_CONVERSION = YES_AGGRESSIVE;
				CLANG_CXX_LANGUAGE_STANDARD = "gnu++14";
				CLANG_CXX_LIBRARY = "libc++";
				CLANG_ENABLE_MODULES = YES;
				CLANG_ENABLE_OBJC_ARC = YES;
				CLANG_ENABLE_OBJC_WEAK = YES;
				CLANG_WARN_BLOCK_CAPTURE_AUTORELEASING = YES;
				CLANG_WARN_BOOL_CONVERSION = YES;
				CLANG_WARN_COMMA = YES;
				CLANG_WARN_CONSTANT_CONVERSION = YES;
				CLANG_WARN_DEPRECATED_OBJC_IMPLEMENTATIONS = YES;
				CLANG_WARN_DIRECT_OBJC_ISA_USAGE = YES_ERROR;
				CLANG_WARN_DOCUMENTATION_COMMENTS = YES;
				CLANG_WARN_EMPTY_BODY = YES;
				CLANG_WARN_ENUM_CONVERSION = YES;
				CLANG_WARN_INFINITE_RECURSION = YES;
				CLANG_WARN_INT_CONVERSION = YES;
				CLANG_WARN_NON_LITERAL_NULL_CONVERSION = YES;
				CLANG_WARN_OBJC_IMPLICIT_RETAIN_SELF = YES;
				CLANG_WARN_OBJC_LITERAL_CONVERSION = YES;
				CLANG_WARN_OBJC_ROOT_CLASS = YES_ERROR;
				CLANG_WARN_QUOTED_INCLUDE_IN_FRAMEWORK_HEADER = YES;
				CLANG_WARN_RANGE_LOOP_ANALYSIS = YES;
				CLANG_WARN_STRICT_PROTOTYPES = YES;
				CLANG_WARN_SUSPICIOUS_MOVE = YES;
				CLANG_WARN_UNGUARDED_AVAILABILITY = YES_AGGRESSIVE;
				CLANG_WARN_UNREACHABLE_CODE = YES;
				CLANG_WARN__DUPLICATE_METHOD_MATCH = YES;
				COPY_PHASE_STRIP = NO;
				DEBUG_INFORMATION_FORMAT = "dwarf-with-dsym";
				ENABLE_NS_ASSERTIONS = NO;
				ENABLE_STRICT_OBJC_MSGSEND = YES;
				GCC_C_LANGUAGE_STANDARD = gnu11;
				GCC_NO_COMMON_BLOCKS = YES;
				GCC_WARN_64_TO_32_BIT_CONVERSION = YES;
				GCC_WARN_ABOUT_RETURN_TYPE = YES_ERROR;
				GCC_WARN_UNDECLARED_SELECTOR = YES;
				GCC_WARN_UNINITIALIZED_AUTOS = YES_AGGRESSIVE;
				GCC_WARN_UNUSED_FUNCTION = YES;
				GCC_WARN_UNUSED_VARIABLE = YES;
				IPHONEOS_DEPLOYMENT_TARGET = 14.5;
				MTL_ENABLE_DEBUG_INFO = NO;
				MTL_FAST_MATH = YES;
				SDKROOT = iphoneos;
				SWIFT_COMPILATION_MODE = wholemodule;
				SWIFT_OPTIMIZATION_LEVEL = "-O";
				VALIDATE_PRODUCT = YES;
			};
			name = Release;
		};
		BD3BF033269E79D60072B7F4 /* Debug */ = {
			isa = XCBuildConfiguration;
			buildSettings = {
				ASSETCATALOG_COMPILER_APPICON_NAME = AppIcon;
				ASSETCATALOG_COMPILER_GLOBAL_ACCENT_COLOR_NAME = AccentColor;
				CODE_SIGN_STYLE = Automatic;
				DEVELOPMENT_TEAM = 4QCSG92KD9;
				INFOPLIST_FILE = HelloWorld/Info.plist;
				LD_RUNPATH_SEARCH_PATHS = (
					"$(inherited)",
					"@executable_path/Frameworks",
				);
				PRODUCT_BUNDLE_IDENTIFIER = com.khankong.HelloWorld;
				PRODUCT_NAME = "$(TARGET_NAME)";
				SWIFT_VERSION = 5.0;
				TARGETED_DEVICE_FAMILY = "1,2";
			};
			name = Debug;
		};
		BD3BF034269E79D60072B7F4 /* Release */ = {
			isa = XCBuildConfiguration;
			buildSettings = {
				ASSETCATALOG_COMPILER_APPICON_NAME = AppIcon;
				ASSETCATALOG_COMPILER_GLOBAL_ACCENT_COLOR_NAME = AccentColor;
				CODE_SIGN_STYLE = Automatic;
				DEVELOPMENT_TEAM = 4QCSG92KD9;
				INFOPLIST_FILE = HelloWorld/Info.plist;
				LD_RUNPATH_SEARCH_PATHS = (
					"$(inherited)",
					"@executable_path/Frameworks",
				);
				PRODUCT_BUNDLE_IDENTIFIER = com.khankong.HelloWorld;
				PRODUCT_NAME = "$(TARGET_NAME)";
				SWIFT_VERSION = 5.0;
				TARGETED_DEVICE_FAMILY = "1,2";
			};
			name = Release;
		};
		BD3BF036269E79D60072B7F4 /* Debug */ = {
			isa = XCBuildConfiguration;
			buildSettings = {
				ALWAYS_EMBED_SWIFT_STANDARD_LIBRARIES = YES;
				BUNDLE_LOADER = "$(TEST_HOST)";
				CODE_SIGN_STYLE = Automatic;
				DEVELOPMENT_TEAM = 4QCSG92KD9;
				INFOPLIST_FILE = HelloWorldTests/Info.plist;
				IPHONEOS_DEPLOYMENT_TARGET = 14.5;
				LD_RUNPATH_SEARCH_PATHS = (
					"$(inherited)",
					"@executable_path/Frameworks",
					"@loader_path/Frameworks",
				);
				PRODUCT_BUNDLE_IDENTIFIER = com.khankong.HelloWorldTests;
				PRODUCT_NAME = "$(TARGET_NAME)";
				SWIFT_VERSION = 5.0;
				TARGETED_DEVICE_FAMILY = "1,2";
				TEST_HOST = "$(BUILT_PRODUCTS_DIR)/HelloWorld.app/HelloWorld";
			};
			name = Debug;
		};
		BD3BF037269E79D60072B7F4 /* Release */ = {
			isa = XCBuildConfiguration;
			buildSettings = {
				ALWAYS_EMBED_SWIFT_STANDARD_LIBRARIES = YES;
				BUNDLE_LOADER = "$(TEST_HOST)";
				CODE_SIGN_STYLE = Automatic;
				DEVELOPMENT_TEAM = 4QCSG92KD9;
				INFOPLIST_FILE = HelloWorldTests/Info.plist;
				IPHONEOS_DEPLOYMENT_TARGET = 14.5;
				LD_RUNPATH_SEARCH_PATHS = (
					"$(inherited)",
					"@executable_path/Frameworks",
					"@loader_path/Frameworks",
				);
				PRODUCT_BUNDLE_IDENTIFIER = com.khankong.HelloWorldTests;
				PRODUCT_NAME = "$(TARGET_NAME)";
				SWIFT_VERSION = 5.0;
				TARGETED_DEVICE_FAMILY = "1,2";
				TEST_HOST = "$(BUILT_PRODUCTS_DIR)/HelloWorld.app/HelloWorld";
			};
			name = Release;
		};
		BD3BF039269E79D60072B7F4 /* Debug */ = {
			isa = XCBuildConfiguration;
			buildSettings = {
				ALWAYS_EMBED_SWIFT_STANDARD_LIBRARIES = YES;
				CODE_SIGN_STYLE = Automatic;
				DEVELOPMENT_TEAM = 4QCSG92KD9;
				INFOPLIST_FILE = HelloWorldUITests/Info.plist;
				LD_RUNPATH_SEARCH_PATHS = (
					"$(inherited)",
					"@executable_path/Frameworks",
					"@loader_path/Frameworks",
				);
				PRODUCT_BUNDLE_IDENTIFIER = com.khankong.HelloWorldUITests;
				PRODUCT_NAME = "$(TARGET_NAME)";
				SWIFT_VERSION = 5.0;
				TARGETED_DEVICE_FAMILY = "1,2";
				TEST_TARGET_NAME = HelloWorld;
			};
			name = Debug;
		};
		BD3BF03A269E79D60072B7F4 /* Release */ = {
			isa = XCBuildConfiguration;
			buildSettings = {
				ALWAYS_EMBED_SWIFT_STANDARD_LIBRARIES = YES;
				CODE_SIGN_STYLE = Automatic;
				DEVELOPMENT_TEAM = 4QCSG92KD9;
				INFOPLIST_FILE = HelloWorldUITests/Info.plist;
				LD_RUNPATH_SEARCH_PATHS = (
					"$(inherited)",
					"@executable_path/Frameworks",
					"@loader_path/Frameworks",
				);
				PRODUCT_BUNDLE_IDENTIFIER = com.khankong.HelloWorldUITests;
				PRODUCT_NAME = "$(TARGET_NAME)";
				SWIFT_VERSION = 5.0;
				TARGETED_DEVICE_FAMILY = "1,2";
				TEST_TARGET_NAME = HelloWorld;
			};
			name = Release;
		};
/* End XCBuildConfiguration section */

/* Begin XCConfigurationList section */
		BD3BF003269E79D50072B7F4 /* Build configuration list for PBXProject "HelloWorld" */ = {
			isa = XCConfigurationList;
			buildConfigurations = (
				BD3BF030269E79D60072B7F4 /* Debug */,
				BD3BF031269E79D60072B7F4 /* Release */,
			);
			defaultConfigurationIsVisible = 0;
			defaultConfigurationName = Release;
		};
		BD3BF032269E79D60072B7F4 /* Build configuration list for PBXNativeTarget "HelloWorld" */ = {
			isa = XCConfigurationList;
			buildConfigurations = (
				BD3BF033269E79D60072B7F4 /* Debug */,
				BD3BF034269E79D60072B7F4 /* Release */,
			);
			defaultConfigurationIsVisible = 0;
			defaultConfigurationName = Release;
		};
		BD3BF035269E79D60072B7F4 /* Build configuration list for PBXNativeTarget "HelloWorldTests" */ = {
			isa = XCConfigurationList;
			buildConfigurations = (
				BD3BF036269E79D60072B7F4 /* Debug */,
				BD3BF037269E79D60072B7F4 /* Release */,
			);
			defaultConfigurationIsVisible = 0;
			defaultConfigurationName = Release;
		};
		BD3BF038269E79D60072B7F4 /* Build configuration list for PBXNativeTarget "HelloWorldUITests" */ = {
			isa = XCConfigurationList;
			buildConfigurations = (
				BD3BF039269E79D60072B7F4 /* Debug */,
				BD3BF03A269E79D60072B7F4 /* Release */,
			);
			defaultConfigurationIsVisible = 0;
			defaultConfigurationName = Release;
		};
/* End XCConfigurationList section */
	};
	rootObject = BD3BF000269E79D50072B7F4 /* Project object */;
}
